PODS:
  - BrainCloudCpp (3.2.0):
    - BrainCloudJsonCpp
    - SSKeychain
  - BrainCloudJsonCpp (1.0.0)
  - SSKeychain (1.4.1)

DEPENDENCIES:
  - BrainCloudCpp (from `https://github.com/getbraincloud/braincloud-cpp`, branch `develop`)

EXTERNAL SOURCES:
  BrainCloudCpp:
    :branch: develop
    :git: https://github.com/getbraincloud/braincloud-cpp

CHECKOUT OPTIONS:
  BrainCloudCpp:
    :commit: 594a70f275052bb19fa28d70cb9d8568e900a476
    :git: https://github.com/getbraincloud/braincloud-cpp

SPEC CHECKSUMS:
  BrainCloudCpp: 54fe9bf84d08767742fc17b6e1d81f7ecb44d6db
  BrainCloudJsonCpp: 668a2cef2109fc8effbc473716d1f3d42f1fd346
  SSKeychain: 55cc80f66f5c73da827e3077f02e43528897db41

PODFILE CHECKSUM: fe275a29cf0e975aacc58bf544b10d8548a2878f

COCOAPODS: 1.1.1
