PODS:
  - BrainCloudCpp (3.6.0):
    - BrainCloudJsonCpp
    - SSKeychain
  - BrainCloudJsonCpp (1.0.0)
  - SSKeychain (1.4.1)

DEPENDENCIES:
  - BrainCloudCpp (from `https://github.com/getbraincloud/braincloud-cpp`, branch `feature/client-instances`)

EXTERNAL SOURCES:
  BrainCloudCpp:
    :branch: feature/client-instances
    :git: https://github.com/getbraincloud/braincloud-cpp

CHECKOUT OPTIONS:
  BrainCloudCpp:
    :commit: 0ea355f9241e8231eb6225cf816dfe74598050f2
    :git: https://github.com/getbraincloud/braincloud-cpp

SPEC CHECKSUMS:
  BrainCloudCpp: a6833ee1924f15aa926947ddbaa2bb4f0fccd14f
  BrainCloudJsonCpp: 668a2cef2109fc8effbc473716d1f3d42f1fd346
  SSKeychain: 55cc80f66f5c73da827e3077f02e43528897db41

PODFILE CHECKSUM: a3ad6e623f9f2fe12d67e21015b80ba9001ee058

COCOAPODS: 1.2.0
